
Microsoft Visual Studio Solution File, Format Version 12.00
Project("{FAE04EC0-301F-11D3-BF4B-00C04F79EFBC}") = "Localization.Example.WebApi", "Localization.Example.WebApi\Localization.Example.WebApi.csproj", "{0A148984-0C99-42A3-97F4-E9BC909A4984}"
EndProject
Project("{2150E333-8FDC-42A3-9474-1A3956D46DE8}") = "Solution Items", "Solution Items", "{2FA3AE51-F879-4EA3-9F1E-C2ABC4CC94FA}"
	ProjectSection(SolutionItems) = preProject
		docker-compose.yml = docker-compose.yml
	EndProjectSection
EndProject
Project("{FAE04EC0-301F-11D3-BF4B-00C04F79EFBC}") = "LocalizationLibrary", "LocalizationLibrary\LocalizationLibrary.csproj", "{F50715A4-5567-44EC-8E36-4C3BBAD6B4AB}"
EndProject
Global
	GlobalSection(SolutionConfigurationPlatforms) = preSolution
		Debug|Any CPU = Debug|Any CPU
		Release|Any CPU = Release|Any CPU
	EndGlobalSection
	GlobalSection(ProjectConfigurationPlatforms) = postSolution
		{0A148984-0C99-42A3-97F4-E9BC909A4984}.Debug|Any CPU.ActiveCfg = Debug|Any CPU
		{0A148984-0C99-42A3-97F4-E9BC909A4984}.Debug|Any CPU.Build.0 = Debug|Any CPU
		{0A148984-0C99-42A3-97F4-E9BC909A4984}.Release|Any CPU.ActiveCfg = Release|Any CPU
		{0A148984-0C99-42A3-97F4-E9BC909A4984}.Release|Any CPU.Build.0 = Release|Any CPU
		{F50715A4-5567-44EC-8E36-4C3BBAD6B4AB}.Debug|Any CPU.ActiveCfg = Debug|Any CPU
		{F50715A4-5567-44EC-8E36-4C3BBAD6B4AB}.Debug|Any CPU.Build.0 = Debug|Any CPU
		{F50715A4-5567-44EC-8E36-4C3BBAD6B4AB}.Release|Any CPU.ActiveCfg = Release|Any CPU
		{F50715A4-5567-44EC-8E36-4C3BBAD6B4AB}.Release|Any CPU.Build.0 = Release|Any CPU
	EndGlobalSection
EndGlobal
